{
    "_meta": {
        "hash": {
            "sha256": "ad09da517927405776bf32d40953d0aa788daaed48e32f297d9ffddccd867398"
        },
        "pipfile-spec": 6,
        "requires": {
            "python_version": "3.12"
        },
        "sources": [
            {
                "name": "pypi",
                "url": "https://pypi.org/simple",
                "verify_ssl": true
            }
        ]
    },
    "default": {
        "dotenv": {
            "hashes": [
                "sha256:29cf74a087b31dafdb5a446b6d7e11cbce8ed2741540e2339c69fbef92c94ce9"
            ],
            "index": "pypi",
            "version": "==0.9.9"
        },
        "python-dotenv": {
            "hashes": [
                "sha256:42667e897e16ab0d66954af0e60a9caa94f0fd4ecf3aaf6d2d260eec1aa36ad6",
                "sha256:b81ee9561e9ca4004139c6cbba3a238c32b03e4894671e181b671e8cb8425d61"
            ],
            "markers": "python_version >= '3.9'",
            "version": "==1.2.1"
        },
        "python-magic": {
            "hashes": [
                "sha256:c1ba14b08e4a5f5c31a302b7721239695b2f0f058d125bd5ce1ee36b9d9d3c3b",
                "sha256:c212960ad306f700aa0d01e5d7a325d20548ff97eb9920dcd29513174f0294d3"
            ],
            "index": "pypi",
            "markers": "python_version >= '2.7' and python_version not in '3.0, 3.1, 3.2, 3.3, 3.4'",
            "version": "==0.4.27"
        }
    },
    "develop": {
        "iniconfig": {
            "hashes": [
                "sha256:c76315c77db068650d49c5b56314774a7804df16fee4402c1f19d6d15d8c4730",
                "sha256:f631c04d2c48c52b84d0d0549c99ff3859c98df65b3101406327ecc7d53fbf12"
            ],
            "markers": "python_version >= '3.10'",
            "version": "==2.3.0"
        },
        "packaging": {
            "hashes": [
                "sha256:29572ef2b1f17581046b3a2227d5c611fb25ec70ca1ba8554b24b0e69331a484",
                "sha256:d443872c98d677bf60f6a1f2f8c1cb748e8fe762d2bf9d3148b5599295b0fc4f"
            ],
            "markers": "python_version >= '3.8'",
            "version": "==25.0"
        },
        "pluggy": {
            "hashes": [
                "sha256:7dcc130b76258d33b90f61b658791dede3486c3e6bfb003ee5c9bfb396dd22f3",
                "sha256:e920276dd6813095e9377c0bc5566d94c932c33b27a3e3945d8389c374dd4746"
            ],
            "markers": "python_version >= '3.9'",
            "version": "==1.6.0"
        },
        "pygments": {
            "hashes": [
                "sha256:636cb2477cec7f8952536970bc533bc43743542f70392ae026374600add5b887",
                "sha256:86540386c03d588bb81d44bc3928634ff26449851e99741617ecb9037ee5ec0b"
            ],
            "markers": "python_version >= '3.8'",
            "version": "==2.19.2"
        },
        "pytest": {
            "hashes": [
                "sha256:711ffd45bf766d5264d487b917733b453d917afd2b0ad65223959f59089f875b",
                "sha256:75186651a92bd89611d1d9fc20f0b4345fd827c41ccd5c299a868a05d70edf11"
            ],
            "index": "pypi",
            "markers": "python_version >= '3.10'",
            "version": "==9.0.2"
        },
        "pytest-datadir": {
            "hashes": [
                "sha256:5c677bc097d907ac71ca418109adc3abe34cf0bddfe6cf78aecfbabd96a15cf0",
                "sha256:7a15faed76cebe87cc91941dd1920a9a38eba56a09c11e9ddf1434d28a0f78eb"
            ],
            "index": "pypi",
            "markers": "python_version >= '3.8'",
            "version": "==1.8.0"
        },
        "ruff": {
            "hashes": [
                "sha256:4acdf009f32b46f6e8864af19cbf6841eaaed8638e65c8dac845aea0d703c841",
                "sha256:591a7f68860ea4e003917d19b5c4f5ac39ff558f162dc753a2c5de897fd5502c",
                "sha256:6070bd026e409734b9257e03e3ef18c6e1a216f0435c6751d7a8ec69cb59abef",
                "sha256:61f4e40077a1248436772bb6512db5fc4457fe4c49e7a94ea7c5088655dd21ae",
                "sha256:642442b42957093811cd8d2140dfadd19c7417030a7a68cf8d51fcdd5f217427",
                "sha256:6d02f1428357fae9e98ac7aa94b7e966fd24151088510d32cf6f902d6c09235e",
                "sha256:76f62c62cd37c276cb03a275b198c7c15bd1d60c989f944db08a8c1c2dbec18b",
                "sha256:774c77e841cc6e046fc3e91623ce0903d1cd07e3a36b1a9fe79b81dab3de506b",
                "sha256:78d2b1097750d90ba82ce4ba676e85230a0ed694178ca5e61aa9b459970b3eb9",
                "sha256:7ab819e14f1ad9fe39f246cfcc435880ef7a9390d81a2b6ac7e01039083dd247",
                "sha256:7d0bf87705acbbcb8d4c24b2d77fbb73d40210a95c3903b443cd9e30824a5032",
                "sha256:83cd6c0763190784b99650a20fec7633c59f6ebe41c5cc9d45ee42749563ad47",
                "sha256:914a8023ece0528d5cc33f5a684f5f38199bbb566a04815c2c211d8f40b5d0ed",
                "sha256:9aaf3870f14d925bbaf18b8a2347ee0ae7d95a2e490e4d4aea6813ed15ebc80e",
                "sha256:a3eb5da8e2c9e9f13431032fdcbe7681de9ceda5835efee3269417c13f1fed5c",
                "sha256:ac5b7f63dd3b27cc811850f5ffd8fff845b00ad70e60b043aabf8d6ecc304e09",
                "sha256:d24899478c35ebfa730597a4a775d430ad0d5631b8647a3ab368c29b7e7bd063",
                "sha256:e399341472ce15237be0c0ae5fbceca4b04cd9bebab1a2b2c979e015455d8f0c",
                "sha256:ef720f529aec113968b45dfdb838ac8934e519711da53a0456038a0efecbd680"
            ],
            "index": "pypi",
            "markers": "python_version >= '3.7'",
            "version": "==0.14.13"
        }
    }
}
